
Microsoft Visual Studio Solution File, Format Version 12.00
# Visual Studio Version 17
VisualStudioVersion = 17.10.35004.147
MinimumVisualStudioVersion = 10.0.40219.1
Project("{FAE04EC0-301F-11D3-BF4B-00C04F79EFBC}") = "foci", "foci.csproj", "{D3C5ACF8-8F55-48A3-8E01-3495E584CF00}"
EndProject
Global
	GlobalSection(SolutionConfigurationPlatforms) = preSolution
		Debug|Any CPU = Debug|Any CPU
		Release|Any CPU = Release|Any CPU
	EndGlobalSection
	GlobalSection(ProjectConfigurationPlatforms) = postSolution
		{D3C5ACF8-8F55-48A3-8E01-3495E584CF00}.Debug|Any CPU.ActiveCfg = Debug|Any CPU
		{D3C5ACF8-8F55-48A3-8E01-3495E584CF00}.Debug|Any CPU.Build.0 = Debug|Any CPU
		{D3C5ACF8-8F55-48A3-8E01-3495E584CF00}.Release|Any CPU.ActiveCfg = Release|Any CPU
		{D3C5ACF8-8F55-48A3-8E01-3495E584CF00}.Release|Any CPU.Build.0 = Release|Any CPU
	EndGlobalSection
	GlobalSection(SolutionProperties) = preSolution
		HideSolutionNode = FALSE
	EndGlobalSection
	GlobalSection(ExtensibilityGlobals) = postSolution
		SolutionGuid = {DCCC6EE2-2F9A-454D-BCBF-40C7498E61FD}
	EndGlobalSection
EndGlobal
